
Microsoft Visual Studio Solution File, Format Version 12.00
# Visual Studio 15
VisualStudioVersion = 15.0.27703.2047
MinimumVisualStudioVersion = 10.0.40219.1
Project("{FAE04EC0-301F-11D3-BF4B-00C04F79EFBC}") = "SportsStore.Domain", "SportsStore.Domain\SportsStore.Domain.csproj", "{D843DD5E-F7DE-4804-B042-116F580AFE65}"
EndProject
Project("{FAE04EC0-301F-11D3-BF4B-00C04F79EFBC}") = "SportsStore.WebUI", "SportsStore.WebUI\SportsStore.WebUI.csproj", "{5DFA0A10-E13F-4A49-B141-05970C8D65FE}"
EndProject
Project("{FAE04EC0-301F-11D3-BF4B-00C04F79EFBC}") = "SportsStore.UnitTest", "SportsStore.UnitTest\SportsStore.UnitTest.csproj", "{1961948F-9BB7-41A4-B240-E9276B8FAA76}"
EndProject
Global
	GlobalSection(SolutionConfigurationPlatforms) = preSolution
		Debug|Any CPU = Debug|Any CPU
		Release|Any CPU = Release|Any CPU
	EndGlobalSection
	GlobalSection(ProjectConfigurationPlatforms) = postSolution
		{D843DD5E-F7DE-4804-B042-116F580AFE65}.Debug|Any CPU.ActiveCfg = Debug|Any CPU
		{D843DD5E-F7DE-4804-B042-116F580AFE65}.Debug|Any CPU.Build.0 = Debug|Any CPU
		{D843DD5E-F7DE-4804-B042-116F580AFE65}.Release|Any CPU.ActiveCfg = Release|Any CPU
		{D843DD5E-F7DE-4804-B042-116F580AFE65}.Release|Any CPU.Build.0 = Release|Any CPU
		{5DFA0A10-E13F-4A49-B141-05970C8D65FE}.Debug|Any CPU.ActiveCfg = Debug|Any CPU
		{5DFA0A10-E13F-4A49-B141-05970C8D65FE}.Debug|Any CPU.Build.0 = Debug|Any CPU
		{5DFA0A10-E13F-4A49-B141-05970C8D65FE}.Release|Any CPU.ActiveCfg = Release|Any CPU
		{5DFA0A10-E13F-4A49-B141-05970C8D65FE}.Release|Any CPU.Build.0 = Release|Any CPU
		{1961948F-9BB7-41A4-B240-E9276B8FAA76}.Debug|Any CPU.ActiveCfg = Debug|Any CPU
		{1961948F-9BB7-41A4-B240-E9276B8FAA76}.Debug|Any CPU.Build.0 = Debug|Any CPU
		{1961948F-9BB7-41A4-B240-E9276B8FAA76}.Release|Any CPU.ActiveCfg = Release|Any CPU
		{1961948F-9BB7-41A4-B240-E9276B8FAA76}.Release|Any CPU.Build.0 = Release|Any CPU
	EndGlobalSection
	GlobalSection(SolutionProperties) = preSolution
		HideSolutionNode = FALSE
	EndGlobalSection
	GlobalSection(ExtensibilityGlobals) = postSolution
		SolutionGuid = {FE51C7C8-6BAE-4A1F-8525-0C2C3D79F171}
	EndGlobalSection
EndGlobal
